
Microsoft Visual Studio Solution File, Format Version 12.00
# Visual Studio Version 16
VisualStudioVersion = 16.0.29609.76
MinimumVisualStudioVersion = 10.0.40219.1
Project("{FAE04EC0-301F-11D3-BF4B-00C04F79EFBC}") = "Tema1", "Tema1.csproj", "{F706CEDA-F66D-4EC4-9F86-013E01A9D7CC}"
EndProject
Global
	GlobalSection(SolutionConfigurationPlatforms) = preSolution
		Debug|Any CPU = Debug|Any CPU
		Release|Any CPU = Release|Any CPU
	EndGlobalSection
	GlobalSection(ProjectConfigurationPlatforms) = postSolution
		{F706CEDA-F66D-4EC4-9F86-013E01A9D7CC}.Debug|Any CPU.ActiveCfg = Debug|Any CPU
		{F706CEDA-F66D-4EC4-9F86-013E01A9D7CC}.Debug|Any CPU.Build.0 = Debug|Any CPU
		{F706CEDA-F66D-4EC4-9F86-013E01A9D7CC}.Release|Any CPU.ActiveCfg = Release|Any CPU
		{F706CEDA-F66D-4EC4-9F86-013E01A9D7CC}.Release|Any CPU.Build.0 = Release|Any CPU
	EndGlobalSection
	GlobalSection(SolutionProperties) = preSolution
		HideSolutionNode = FALSE
	EndGlobalSection
	GlobalSection(ExtensibilityGlobals) = postSolution
		SolutionGuid = {D4AFD023-5F96-43C2-90A4-F910B5F748F6}
	EndGlobalSection
EndGlobal
